{
  "name": "demo-app",
  "version": "0.1.0",
  "lockfileVersion": 3,
  "requires": true,
  "packages": {
    "": {
      "name": "demo-app",
      "version": "0.1.0",
      "dependencies": {
        "kleurx": "file:../packages/kleurx"
      }
    },
    "../packages/kleurx": {
      "version": "0.2.0",
      "license": "MIT"
    },
    "node_modules/kleurx": {
      "resolved": "../packages/kleurx",
      "link": true
    }
  }
}
